
Microsoft Visual Studio Solution File, Format Version 12.00
# Visual Studio Version 16
VisualStudioVersion = 16.0.30128.74
MinimumVisualStudioVersion = 10.0.40219.1
Project("{FAE04EC0-301F-11D3-BF4B-00C04F79EFBC}") = "BulkyBook.MVC", "BulkyBook.MVC\BulkyBook.MVC.csproj", "{B0A41EC4-3BAC-434C-BF24-1D0E31B68F7D}"
EndProject
Global
	GlobalSection(SolutionConfigurationPlatforms) = preSolution
		Debug|Any CPU = Debug|Any CPU
		Release|Any CPU = Release|Any CPU
	EndGlobalSection
	GlobalSection(ProjectConfigurationPlatforms) = postSolution
		{B0A41EC4-3BAC-434C-BF24-1D0E31B68F7D}.Debug|Any CPU.ActiveCfg = Debug|Any CPU
		{B0A41EC4-3BAC-434C-BF24-1D0E31B68F7D}.Debug|Any CPU.Build.0 = Debug|Any CPU
		{B0A41EC4-3BAC-434C-BF24-1D0E31B68F7D}.Release|Any CPU.ActiveCfg = Release|Any CPU
		{B0A41EC4-3BAC-434C-BF24-1D0E31B68F7D}.Release|Any CPU.Build.0 = Release|Any CPU
	EndGlobalSection
	GlobalSection(SolutionProperties) = preSolution
		HideSolutionNode = FALSE
	EndGlobalSection
	GlobalSection(ExtensibilityGlobals) = postSolution
		SolutionGuid = {6CDABB1C-496D-421C-B4A2-F387F663243A}
	EndGlobalSection
EndGlobal
